// !$*UTF8*$!
{
	archiveVersion = 1;
	classes = {
	};
	objectVersion = 56;
	objects = {

/* Begin PBXBuildFile section */
		0B1F2A6B2C46A2C4004054C2 /* HapticFeedback.swift in Sources */ = {isa = PBXBuildFile; fileRef = 0B1F2A6A2C46A2C4004054C2 /* HapticFeedback.swift */; };
		2468A8F82C4038CC00BF5574 /* DateFormatter.swift in Sources */ = {isa = PBXBuildFile; fileRef = 2468A8F72C4038CC00BF5574 /* DateFormatter.swift */; };
		24AB42B62C3E9E210094F172 /* GlucoseTrackerApp.swift in Sources */ = {isa = PBXBuildFile; fileRef = 24AB42B52C3E9E210094F172 /* GlucoseTrackerApp.swift */; };
		24AB42BA2C3E9E220094F172 /* Assets.xcassets in Resources */ = {isa = PBXBuildFile; fileRef = 24AB42B92C3E9E220094F172 /* Assets.xcassets */; };
		24AB42BD2C3E9E220094F172 /* Preview Assets.xcassets in Resources */ = {isa = PBXBuildFile; fileRef = 24AB42BC2C3E9E220094F172 /* Preview Assets.xcassets */; };
		24AB42C42C3E9ED60094F172 /* GlucoseData.swift in Sources */ = {isa = PBXBuildFile; fileRef = 24AB42C32C3E9ED60094F172 /* GlucoseData.swift */; };
		24AB42C92C3ED2ED0094F172 /* HomeView.swift in Sources */ = {isa = PBXBuildFile; fileRef = 24AB42C82C3ED2ED0094F172 /* HomeView.swift */; };
		24AB42CF2C3ED4000094F172 /* RecordDetailView.swift in Sources */ = {isa = PBXBuildFile; fileRef = 24AB42CE2C3ED4000094F172 /* RecordDetailView.swift */; };
		24AB42D42C3EDA7C0094F172 /* TextStyles.swift in Sources */ = {isa = PBXBuildFile; fileRef = 24AB42D32C3EDA7C0094F172 /* TextStyles.swift */; };
		24BEAF622C3F8B74003DA842 /* HomeViewModel.swift in Sources */ = {isa = PBXBuildFile; fileRef = 24BEAF612C3F8B74003DA842 /* HomeViewModel.swift */; };
		2711E3D22C40F8060039A7EC /* ChartHistoryView.swift in Sources */ = {isa = PBXBuildFile; fileRef = 2711E3D12C40F8060039A7EC /* ChartHistoryView.swift */; };
		2711E3D42C40FAC80039A7EC /* ChartCard.swift in Sources */ = {isa = PBXBuildFile; fileRef = 2711E3D32C40FAC80039A7EC /* ChartCard.swift */; };
		2711E3D62C40FE660039A7EC /* ChartCardAvg.swift in Sources */ = {isa = PBXBuildFile; fileRef = 2711E3D52C40FE660039A7EC /* ChartCardAvg.swift */; };
		2711E3DA2C4109BF0039A7EC /* GlutenDataViewModel.swift in Sources */ = {isa = PBXBuildFile; fileRef = 2711E3D92C4109BF0039A7EC /* GlutenDataViewModel.swift */; };
		2711E3DE2C4114F10039A7EC /* HideKeyboard.swift in Sources */ = {isa = PBXBuildFile; fileRef = 2711E3DD2C4114F10039A7EC /* HideKeyboard.swift */; };
		2711E3E02C411A300039A7EC /* HistoryList.swift in Sources */ = {isa = PBXBuildFile; fileRef = 2711E3DF2C411A300039A7EC /* HistoryList.swift */; };
		2711E3E22C41647C0039A7EC /* RecentCheckCard.swift in Sources */ = {isa = PBXBuildFile; fileRef = 2711E3E12C41647C0039A7EC /* RecentCheckCard.swift */; };
		2711E3E42C4177420039A7EC /* ChartGraph.swift in Sources */ = {isa = PBXBuildFile; fileRef = 2711E3E32C4177420039A7EC /* ChartGraph.swift */; };
		2711E3E62C417B250039A7EC /* NoGraphCard.swift in Sources */ = {isa = PBXBuildFile; fileRef = 2711E3E52C417B250039A7EC /* NoGraphCard.swift */; };
		2711E3EE2C4250220039A7EC /* ChartGraphByType.swift in Sources */ = {isa = PBXBuildFile; fileRef = 2711E3ED2C4250220039A7EC /* ChartGraphByType.swift */; };
		2711E3F62C426DAF0039A7EC /* AddRecordView.swift in Sources */ = {isa = PBXBuildFile; fileRef = 2711E3F52C426DAF0039A7EC /* AddRecordView.swift */; };
		2711E3FC2C42D0990039A7EC /* NoDataView.swift in Sources */ = {isa = PBXBuildFile; fileRef = 2711E3FB2C42D0990039A7EC /* NoDataView.swift */; };
		27886DD02C45534200D2DE9F /* HistoryListByType.swift in Sources */ = {isa = PBXBuildFile; fileRef = 27886DCF2C45534200D2DE9F /* HistoryListByType.swift */; };
		3BB4E4FC2C4506C2004049CB /* Localizable.xcstrings in Resources */ = {isa = PBXBuildFile; fileRef = 3BB4E4FB2C4506C2004049CB /* Localizable.xcstrings */; };
/* End PBXBuildFile section */

/* Begin PBXFileReference section */
		0B1F2A6A2C46A2C4004054C2 /* HapticFeedback.swift */ = {isa = PBXFileReference; lastKnownFileType = sourcecode.swift; path = HapticFeedback.swift; sourceTree = "<group>"; };
		2468A8F72C4038CC00BF5574 /* DateFormatter.swift */ = {isa = PBXFileReference; lastKnownFileType = sourcecode.swift; path = DateFormatter.swift; sourceTree = "<group>"; };
		24AB42B22C3E9E210094F172 /* GlucoSee.app */ = {isa = PBXFileReference; explicitFileType = wrapper.application; includeInIndex = 0; path = GlucoSee.app; sourceTree = BUILT_PRODUCTS_DIR; };
		24AB42B52C3E9E210094F172 /* GlucoseTrackerApp.swift */ = {isa = PBXFileReference; lastKnownFileType = sourcecode.swift; path = GlucoseTrackerApp.swift; sourceTree = "<group>"; };
		24AB42B92C3E9E220094F172 /* Assets.xcassets */ = {isa = PBXFileReference; lastKnownFileType = folder.assetcatalog; path = Assets.xcassets; sourceTree = "<group>"; };
		24AB42BC2C3E9E220094F172 /* Preview Assets.xcassets */ = {isa = PBXFileReference; lastKnownFileType = folder.assetcatalog; path = "Preview Assets.xcassets"; sourceTree = "<group>"; };
		24AB42C32C3E9ED60094F172 /* GlucoseData.swift */ = {isa = PBXFileReference; lastKnownFileType = sourcecode.swift; path = GlucoseData.swift; sourceTree = "<group>"; };
		24AB42C82C3ED2ED0094F172 /* HomeView.swift */ = {isa = PBXFileReference; lastKnownFileType = sourcecode.swift; path = HomeView.swift; sourceTree = "<group>"; };
		24AB42CE2C3ED4000094F172 /* RecordDetailView.swift */ = {isa = PBXFileReference; lastKnownFileType = sourcecode.swift; path = RecordDetailView.swift; sourceTree = "<group>"; };
		24AB42D32C3EDA7C0094F172 /* TextStyles.swift */ = {isa = PBXFileReference; lastKnownFileType = sourcecode.swift; path = TextStyles.swift; sourceTree = "<group>"; };
		24BEAF612C3F8B74003DA842 /* HomeViewModel.swift */ = {isa = PBXFileReference; lastKnownFileType = sourcecode.swift; path = HomeViewModel.swift; sourceTree = "<group>"; };
		2711E3D12C40F8060039A7EC /* ChartHistoryView.swift */ = {isa = PBXFileReference; lastKnownFileType = sourcecode.swift; path = ChartHistoryView.swift; sourceTree = "<group>"; };
		2711E3D32C40FAC80039A7EC /* ChartCard.swift */ = {isa = PBXFileReference; lastKnownFileType = sourcecode.swift; path = ChartCard.swift; sourceTree = "<group>"; };
		2711E3D52C40FE660039A7EC /* ChartCardAvg.swift */ = {isa = PBXFileReference; lastKnownFileType = sourcecode.swift; path = ChartCardAvg.swift; sourceTree = "<group>"; };
		2711E3D92C4109BF0039A7EC /* GlutenDataViewModel.swift */ = {isa = PBXFileReference; lastKnownFileType = sourcecode.swift; path = GlutenDataViewModel.swift; sourceTree = "<group>"; };
		2711E3DD2C4114F10039A7EC /* HideKeyboard.swift */ = {isa = PBXFileReference; lastKnownFileType = sourcecode.swift; path = HideKeyboard.swift; sourceTree = "<group>"; };
		2711E3DF2C411A300039A7EC /* HistoryList.swift */ = {isa = PBXFileReference; lastKnownFileType = sourcecode.swift; path = HistoryList.swift; sourceTree = "<group>"; };
		2711E3E12C41647C0039A7EC /* RecentCheckCard.swift */ = {isa = PBXFileReference; lastKnownFileType = sourcecode.swift; path = RecentCheckCard.swift; sourceTree = "<group>"; };
		2711E3E32C4177420039A7EC /* ChartGraph.swift */ = {isa = PBXFileReference; lastKnownFileType = sourcecode.swift; path = ChartGraph.swift; sourceTree = "<group>"; };
		2711E3E52C417B250039A7EC /* NoGraphCard.swift */ = {isa = PBXFileReference; lastKnownFileType = sourcecode.swift; path = NoGraphCard.swift; sourceTree = "<group>"; };
		2711E3ED2C4250220039A7EC /* ChartGraphByType.swift */ = {isa = PBXFileReference; lastKnownFileType = sourcecode.swift; path = ChartGraphByType.swift; sourceTree = "<group>"; };
		2711E3F52C426DAF0039A7EC /* AddRecordView.swift */ = {isa = PBXFileReference; lastKnownFileType = sourcecode.swift; path = AddRecordView.swift; sourceTree = "<group>"; };
		2711E3FB2C42D0990039A7EC /* NoDataView.swift */ = {isa = PBXFileReference; lastKnownFileType = sourcecode.swift; path = NoDataView.swift; sourceTree = "<group>"; };
		27886DCF2C45534200D2DE9F /* HistoryListByType.swift */ = {isa = PBXFileReference; lastKnownFileType = sourcecode.swift; path = HistoryListByType.swift; sourceTree = "<group>"; };
		3BB4E4FB2C4506C2004049CB /* Localizable.xcstrings */ = {isa = PBXFileReference; lastKnownFileType = text.json.xcstrings; path = Localizable.xcstrings; sourceTree = "<group>"; };
/* End PBXFileReference section */

/* Begin PBXFrameworksBuildPhase section */
		24AB42AF2C3E9E210094F172 /* Frameworks */ = {
			isa = PBXFrameworksBuildPhase;
			buildActionMask = 2147483647;
			files = (
			);
			runOnlyForDeploymentPostprocessing = 0;
		};
/* End PBXFrameworksBuildPhase section */

/* Begin PBXGroup section */
		24AB42A92C3E9E210094F172 = {
			isa = PBXGroup;
			children = (
				24AB42B42C3E9E210094F172 /* GlucoseTracker */,
				24AB42B32C3E9E210094F172 /* Products */,
			);
			sourceTree = "<group>";
		};
		24AB42B32C3E9E210094F172 /* Products */ = {
			isa = PBXGroup;
			children = (
				24AB42B22C3E9E210094F172 /* GlucoSee.app */,
			);
			name = Products;
			sourceTree = "<group>";
		};
		24AB42B42C3E9E210094F172 /* GlucoseTracker */ = {
			isa = PBXGroup;
			children = (
				24AB42B52C3E9E210094F172 /* GlucoseTrackerApp.swift */,
				24AB42B92C3E9E220094F172 /* Assets.xcassets */,
				24AB42C72C3ED2BC0094F172 /* Model */,
				24AB42D92C3F86E10094F172 /* View */,
				24AB42DA2C3F86F30094F172 /* ViewModel */,
				24AB42D82C3F86920094F172 /* Screen */,
				24AB42D52C3EDA870094F172 /* Extensions */,
				24AB42BB2C3E9E220094F172 /* Preview Content */,
				3BB4E4FB2C4506C2004049CB /* Localizable.xcstrings */,
			);
			path = GlucoseTracker;
			sourceTree = "<group>";
		};
		24AB42BB2C3E9E220094F172 /* Preview Content */ = {
			isa = PBXGroup;
			children = (
				24AB42BC2C3E9E220094F172 /* Preview Assets.xcassets */,
			);
			path = "Preview Content";
			sourceTree = "<group>";
		};
		24AB42C72C3ED2BC0094F172 /* Model */ = {
			isa = PBXGroup;
			children = (
				24AB42C32C3E9ED60094F172 /* GlucoseData.swift */,
			);
			path = Model;
			sourceTree = "<group>";
		};
		24AB42D52C3EDA870094F172 /* Extensions */ = {
			isa = PBXGroup;
			children = (
				24AB42D32C3EDA7C0094F172 /* TextStyles.swift */,
				2468A8F72C4038CC00BF5574 /* DateFormatter.swift */,
				2711E3DD2C4114F10039A7EC /* HideKeyboard.swift */,
				0B1F2A6A2C46A2C4004054C2 /* HapticFeedback.swift */,
			);
			path = Extensions;
			sourceTree = "<group>";
		};
		24AB42D82C3F86920094F172 /* Screen */ = {
			isa = PBXGroup;
			children = (
				24AB42CE2C3ED4000094F172 /* RecordDetailView.swift */,
				24AB42C82C3ED2ED0094F172 /* HomeView.swift */,
				2711E3D12C40F8060039A7EC /* ChartHistoryView.swift */,
				2711E3F52C426DAF0039A7EC /* AddRecordView.swift */,
			);
			path = Screen;
			sourceTree = "<group>";
		};
		24AB42D92C3F86E10094F172 /* View */ = {
			isa = PBXGroup;
			children = (
				2711E3D32C40FAC80039A7EC /* ChartCard.swift */,
				2711E3D52C40FE660039A7EC /* ChartCardAvg.swift */,
				2711E3DF2C411A300039A7EC /* HistoryList.swift */,
				2711E3E12C41647C0039A7EC /* RecentCheckCard.swift */,
				2711E3E32C4177420039A7EC /* ChartGraph.swift */,
				2711E3E52C417B250039A7EC /* NoGraphCard.swift */,
				2711E3ED2C4250220039A7EC /* ChartGraphByType.swift */,
				2711E3FB2C42D0990039A7EC /* NoDataView.swift */,
				27886DCF2C45534200D2DE9F /* HistoryListByType.swift */,
			);
			path = View;
			sourceTree = "<group>";
		};
		24AB42DA2C3F86F30094F172 /* ViewModel */ = {
			isa = PBXGroup;
			children = (
				24BEAF612C3F8B74003DA842 /* HomeViewModel.swift */,
				2711E3D92C4109BF0039A7EC /* GlutenDataViewModel.swift */,
			);
			path = ViewModel;
			sourceTree = "<group>";
		};
/* End PBXGroup section */

/* Begin PBXNativeTarget section */
		24AB42B12C3E9E210094F172 /* GlucoseTracker */ = {
			isa = PBXNativeTarget;
			buildConfigurationList = 24AB42C02C3E9E220094F172 /* Build configuration list for PBXNativeTarget "GlucoseTracker" */;
			buildPhases = (
				24AB42AE2C3E9E210094F172 /* Sources */,
				24AB42AF2C3E9E210094F172 /* Frameworks */,
				24AB42B02C3E9E210094F172 /* Resources */,
			);
			buildRules = (
			);
			dependencies = (
			);
			name = GlucoseTracker;
			productName = GlucoseTracker;
			productReference = 24AB42B22C3E9E210094F172 /* GlucoSee.app */;
			productType = "com.apple.product-type.application";
		};
/* End PBXNativeTarget section */

/* Begin PBXProject section */
		24AB42AA2C3E9E210094F172 /* Project object */ = {
			isa = PBXProject;
			attributes = {
				BuildIndependentTargetsInParallel = 1;
				LastSwiftUpdateCheck = 1520;
				LastUpgradeCheck = 1520;
				TargetAttributes = {
					24AB42B12C3E9E210094F172 = {
						CreatedOnToolsVersion = 15.2;
					};
				};
			};
			buildConfigurationList = 24AB42AD2C3E9E210094F172 /* Build configuration list for PBXProject "GlucoseTracker" */;
			compatibilityVersion = "Xcode 14.0";
			developmentRegion = en;
			hasScannedForEncodings = 0;
			knownRegions = (
				en,
				Base,
				id,
			);
			mainGroup = 24AB42A92C3E9E210094F172;
			productRefGroup = 24AB42B32C3E9E210094F172 /* Products */;
			projectDirPath = "";
			projectRoot = "";
			targets = (
				24AB42B12C3E9E210094F172 /* GlucoseTracker */,
			);
		};
/* End PBXProject section */

/* Begin PBXResourcesBuildPhase section */
		24AB42B02C3E9E210094F172 /* Resources */ = {
			isa = PBXResourcesBuildPhase;
			buildActionMask = 2147483647;
			files = (
				24AB42BD2C3E9E220094F172 /* Preview Assets.xcassets in Resources */,
				24AB42BA2C3E9E220094F172 /* Assets.xcassets in Resources */,
				3BB4E4FC2C4506C2004049CB /* Localizable.xcstrings in Resources */,
			);
			runOnlyForDeploymentPostprocessing = 0;
		};
/* End PBXResourcesBuildPhase section */

/* Begin PBXSourcesBuildPhase section */
		24AB42AE2C3E9E210094F172 /* Sources */ = {
			isa = PBXSourcesBuildPhase;
			buildActionMask = 2147483647;
			files = (
				2711E3D42C40FAC80039A7EC /* ChartCard.swift in Sources */,
				2711E3EE2C4250220039A7EC /* ChartGraphByType.swift in Sources */,
				2711E3E02C411A300039A7EC /* HistoryList.swift in Sources */,
				2711E3DE2C4114F10039A7EC /* HideKeyboard.swift in Sources */,
				24AB42D42C3EDA7C0094F172 /* TextStyles.swift in Sources */,
				27886DD02C45534200D2DE9F /* HistoryListByType.swift in Sources */,
				2711E3E22C41647C0039A7EC /* RecentCheckCard.swift in Sources */,
				2711E3D22C40F8060039A7EC /* ChartHistoryView.swift in Sources */,
				0B1F2A6B2C46A2C4004054C2 /* HapticFeedback.swift in Sources */,
				2468A8F82C4038CC00BF5574 /* DateFormatter.swift in Sources */,
				2711E3E42C4177420039A7EC /* ChartGraph.swift in Sources */,
				24AB42C42C3E9ED60094F172 /* GlucoseData.swift in Sources */,
				2711E3E62C417B250039A7EC /* NoGraphCard.swift in Sources */,
				2711E3FC2C42D0990039A7EC /* NoDataView.swift in Sources */,
				2711E3F62C426DAF0039A7EC /* AddRecordView.swift in Sources */,
				24AB42C92C3ED2ED0094F172 /* HomeView.swift in Sources */,
				24BEAF622C3F8B74003DA842 /* HomeViewModel.swift in Sources */,
				2711E3D62C40FE660039A7EC /* ChartCardAvg.swift in Sources */,
				24AB42CF2C3ED4000094F172 /* RecordDetailView.swift in Sources */,
				2711E3DA2C4109BF0039A7EC /* GlutenDataViewModel.swift in Sources */,
				24AB42B62C3E9E210094F172 /* GlucoseTrackerApp.swift in Sources */,
			);
			runOnlyForDeploymentPostprocessing = 0;
		};
/* End PBXSourcesBuildPhase section */

/* Begin XCBuildConfiguration section */
		24AB42BE2C3E9E220094F172 /* Debug */ = {
			isa = XCBuildConfiguration;
			buildSettings = {
				ALWAYS_SEARCH_USER_PATHS = NO;
				ASSETCATALOG_COMPILER_GENERATE_SWIFT_ASSET_SYMBOL_EXTENSIONS = YES;
				CLANG_ANALYZER_NONNULL = YES;
				CLANG_ANALYZER_NUMBER_OBJECT_CONVERSION = YES_AGGRESSIVE;
				CLANG_CXX_LANGUAGE_STANDARD = "gnu++20";
				CLANG_ENABLE_MODULES = YES;
				CLANG_ENABLE_OBJC_ARC = YES;
				CLANG_ENABLE_OBJC_WEAK = YES;
				CLANG_WARN_BLOCK_CAPTURE_AUTORELEASING = YES;
				CLANG_WARN_BOOL_CONVERSION = YES;
				CLANG_WARN_COMMA = YES;
				CLANG_WARN_CONSTANT_CONVERSION = YES;
				CLANG_WARN_DEPRECATED_OBJC_IMPLEMENTATIONS = YES;
				CLANG_WARN_DIRECT_OBJC_ISA_USAGE = YES_ERROR;
				CLANG_WARN_DOCUMENTATION_COMMENTS = YES;
				CLANG_WARN_EMPTY_BODY = YES;
				CLANG_WARN_ENUM_CONVERSION = YES;
				CLANG_WARN_INFINITE_RECURSION = YES;
				CLANG_WARN_INT_CONVERSION = YES;
				CLANG_WARN_NON_LITERAL_NULL_CONVERSION = YES;
				CLANG_WARN_OBJC_IMPLICIT_RETAIN_SELF = YES;
				CLANG_WARN_OBJC_LITERAL_CONVERSION = YES;
				CLANG_WARN_OBJC_ROOT_CLASS = YES_ERROR;
				CLANG_WARN_QUOTED_INCLUDE_IN_FRAMEWORK_HEADER = YES;
				CLANG_WARN_RANGE_LOOP_ANALYSIS = YES;
				CLANG_WARN_STRICT_PROTOTYPES = YES;
				CLANG_WARN_SUSPICIOUS_MOVE = YES;
				CLANG_WARN_UNGUARDED_AVAILABILITY = YES_AGGRESSIVE;
				CLANG_WARN_UNREACHABLE_CODE = YES;
				CLANG_WARN__DUPLICATE_METHOD_MATCH = YES;
				COPY_PHASE_STRIP = NO;
				DEBUG_INFORMATION_FORMAT = dwarf;
				ENABLE_STRICT_OBJC_MSGSEND = YES;
				ENABLE_TESTABILITY = YES;
				ENABLE_USER_SCRIPT_SANDBOXING = YES;
				GCC_C_LANGUAGE_STANDARD = gnu17;
				GCC_DYNAMIC_NO_PIC = NO;
				GCC_NO_COMMON_BLOCKS = YES;
				GCC_OPTIMIZATION_LEVEL = 0;
				GCC_PREPROCESSOR_DEFINITIONS = (
					"DEBUG=1",
					"$(inherited)",
				);
				GCC_WARN_64_TO_32_BIT_CONVERSION = YES;
				GCC_WARN_ABOUT_RETURN_TYPE = YES_ERROR;
				GCC_WARN_UNDECLARED_SELECTOR = YES;
				GCC_WARN_UNINITIALIZED_AUTOS = YES_AGGRESSIVE;
				GCC_WARN_UNUSED_FUNCTION = YES;
				GCC_WARN_UNUSED_VARIABLE = YES;
				IPHONEOS_DEPLOYMENT_TARGET = 17.2;
				LOCALIZATION_PREFERS_STRING_CATALOGS = YES;
				MTL_ENABLE_DEBUG_INFO = INCLUDE_SOURCE;
				MTL_FAST_MATH = YES;
				ONLY_ACTIVE_ARCH = YES;
				SDKROOT = iphoneos;
				SWIFT_ACTIVE_COMPILATION_CONDITIONS = "DEBUG $(inherited)";
				SWIFT_OPTIMIZATION_LEVEL = "-Onone";
			};
			name = Debug;
		};
		24AB42BF2C3E9E220094F172 /* Release */ = {
			isa = XCBuildConfiguration;
			buildSettings = {
				ALWAYS_SEARCH_USER_PATHS = NO;
				ASSETCATALOG_COMPILER_GENERATE_SWIFT_ASSET_SYMBOL_EXTENSIONS = YES;
				CLANG_ANALYZER_NONNULL = YES;
				CLANG_ANALYZER_NUMBER_OBJECT_CONVERSION = YES_AGGRESSIVE;
				CLANG_CXX_LANGUAGE_STANDARD = "gnu++20";
				CLANG_ENABLE_MODULES = YES;
				CLANG_ENABLE_OBJC_ARC = YES;
				CLANG_ENABLE_OBJC_WEAK = YES;
				CLANG_WARN_BLOCK_CAPTURE_AUTORELEASING = YES;
				CLANG_WARN_BOOL_CONVERSION = YES;
				CLANG_WARN_COMMA = YES;
				CLANG_WARN_CONSTANT_CONVERSION = YES;
				CLANG_WARN_DEPRECATED_OBJC_IMPLEMENTATIONS = YES;
				CLANG_WARN_DIRECT_OBJC_ISA_USAGE = YES_ERROR;
				CLANG_WARN_DOCUMENTATION_COMMENTS = YES;
				CLANG_WARN_EMPTY_BODY = YES;
				CLANG_WARN_ENUM_CONVERSION = YES;
				CLANG_WARN_INFINITE_RECURSION = YES;
				CLANG_WARN_INT_CONVERSION = YES;
				CLANG_WARN_NON_LITERAL_NULL_CONVERSION = YES;
				CLANG_WARN_OBJC_IMPLICIT_RETAIN_SELF = YES;
				CLANG_WARN_OBJC_LITERAL_CONVERSION = YES;
				CLANG_WARN_OBJC_ROOT_CLASS = YES_ERROR;
				CLANG_WARN_QUOTED_INCLUDE_IN_FRAMEWORK_HEADER = YES;
				CLANG_WARN_RANGE_LOOP_ANALYSIS = YES;
				CLANG_WARN_STRICT_PROTOTYPES = YES;
				CLANG_WARN_SUSPICIOUS_MOVE = YES;
				CLANG_WARN_UNGUARDED_AVAILABILITY = YES_AGGRESSIVE;
				CLANG_WARN_UNREACHABLE_CODE = YES;
				CLANG_WARN__DUPLICATE_METHOD_MATCH = YES;
				COPY_PHASE_STRIP = NO;
				DEBUG_INFORMATION_FORMAT = "dwarf-with-dsym";
				ENABLE_NS_ASSERTIONS = NO;
				ENABLE_STRICT_OBJC_MSGSEND = YES;
				ENABLE_USER_SCRIPT_SANDBOXING = YES;
				GCC_C_LANGUAGE_STANDARD = gnu17;
				GCC_NO_COMMON_BLOCKS = YES;
				GCC_WARN_64_TO_32_BIT_CONVERSION = YES;
				GCC_WARN_ABOUT_RETURN_TYPE = YES_ERROR;
				GCC_WARN_UNDECLARED_SELECTOR = YES;
				GCC_WARN_UNINITIALIZED_AUTOS = YES_AGGRESSIVE;
				GCC_WARN_UNUSED_FUNCTION = YES;
				GCC_WARN_UNUSED_VARIABLE = YES;
				IPHONEOS_DEPLOYMENT_TARGET = 17.2;
				LOCALIZATION_PREFERS_STRING_CATALOGS = YES;
				MTL_ENABLE_DEBUG_INFO = NO;
				MTL_FAST_MATH = YES;
				SDKROOT = iphoneos;
				SWIFT_COMPILATION_MODE = wholemodule;
				VALIDATE_PRODUCT = YES;
			};
			name = Release;
		};
		24AB42C12C3E9E220094F172 /* Debug */ = {
			isa = XCBuildConfiguration;
			buildSettings = {
				ASSETCATALOG_COMPILER_APPICON_NAME = AppIcon;
				ASSETCATALOG_COMPILER_GLOBAL_ACCENT_COLOR_NAME = AccentColor;
				CODE_SIGN_STYLE = Automatic;
				CURRENT_PROJECT_VERSION = 1;
				DEVELOPMENT_ASSET_PATHS = "\"GlucoseTracker/Preview Content\"";
				DEVELOPMENT_TEAM = L27J25C3C8;
				ENABLE_PREVIEWS = YES;
				GENERATE_INFOPLIST_FILE = YES;
				INFOPLIST_KEY_UIApplicationSceneManifest_Generation = YES;
				INFOPLIST_KEY_UIApplicationSupportsIndirectInputEvents = YES;
				INFOPLIST_KEY_UILaunchScreen_Generation = YES;
				INFOPLIST_KEY_UISupportedInterfaceOrientations = UIInterfaceOrientationPortrait;
				LD_RUNPATH_SEARCH_PATHS = (
					"$(inherited)",
					"@executable_path/Frameworks",
				);
				MARKETING_VERSION = 1.0;
				PRODUCT_BUNDLE_IDENTIFIER = com.GlucoseTracker;
				PRODUCT_NAME = GlucoSee;
				SWIFT_EMIT_LOC_STRINGS = YES;
				SWIFT_VERSION = 5.0;
				TARGETED_DEVICE_FAMILY = "1,2";
			};
			name = Debug;
		};
		24AB42C22C3E9E220094F172 /* Release */ = {
			isa = XCBuildConfiguration;
			buildSettings = {
				ASSETCATALOG_COMPILER_APPICON_NAME = AppIcon;
				ASSETCATALOG_COMPILER_GLOBAL_ACCENT_COLOR_NAME = AccentColor;
				CODE_SIGN_STYLE = Automatic;
				CURRENT_PROJECT_VERSION = 1;
				DEVELOPMENT_ASSET_PATHS = "\"GlucoseTracker/Preview Content\"";
				DEVELOPMENT_TEAM = L27J25C3C8;
				ENABLE_PREVIEWS = YES;
				GENERATE_INFOPLIST_FILE = YES;
				INFOPLIST_KEY_UIApplicationSceneManifest_Generation = YES;
				INFOPLIST_KEY_UIApplicationSupportsIndirectInputEvents = YES;
				INFOPLIST_KEY_UILaunchScreen_Generation = YES;
				INFOPLIST_KEY_UISupportedInterfaceOrientations = UIInterfaceOrientationPortrait;
				LD_RUNPATH_SEARCH_PATHS = (
					"$(inherited)",
					"@executable_path/Frameworks",
				);
				MARKETING_VERSION = 1.0;
				PRODUCT_BUNDLE_IDENTIFIER = com.GlucoseTracker;
				PRODUCT_NAME = GlucoSee;
				SWIFT_EMIT_LOC_STRINGS = YES;
				SWIFT_VERSION = 5.0;
				TARGETED_DEVICE_FAMILY = "1,2";
			};
			name = Release;
		};
/* End XCBuildConfiguration section */

/* Begin XCConfigurationList section */
		24AB42AD2C3E9E210094F172 /* Build configuration list for PBXProject "GlucoseTracker" */ = {
			isa = XCConfigurationList;
			buildConfigurations = (
				24AB42BE2C3E9E220094F172 /* Debug */,
				24AB42BF2C3E9E220094F172 /* Release */,
			);
			defaultConfigurationIsVisible = 0;
			defaultConfigurationName = Release;
		};
		24AB42C02C3E9E220094F172 /* Build configuration list for PBXNativeTarget "GlucoseTracker" */ = {
			isa = XCConfigurationList;
			buildConfigurations = (
				24AB42C12C3E9E220094F172 /* Debug */,
				24AB42C22C3E9E220094F172 /* Release */,
			);
			defaultConfigurationIsVisible = 0;
			defaultConfigurationName = Release;
		};
/* End XCConfigurationList section */
	};
	rootObject = 24AB42AA2C3E9E210094F172 /* Project object */;
}
